
Microsoft Visual Studio Solution File, Format Version 12.00
# Visual Studio Version 16
VisualStudioVersion = 16.0.30711.63
MinimumVisualStudioVersion = 10.0.40219.1
Project("{FAE04EC0-301F-11D3-BF4B-00C04F79EFBC}") = "Lottery", "Lottery\Lottery.csproj", "{CC858D86-B7F8-4263-8951-7AAC15D02D5F}"
EndProject
Global
	GlobalSection(SolutionConfigurationPlatforms) = preSolution
		Debug|Any CPU = Debug|Any CPU
		Release|Any CPU = Release|Any CPU
	EndGlobalSection
	GlobalSection(ProjectConfigurationPlatforms) = postSolution
		{CC858D86-B7F8-4263-8951-7AAC15D02D5F}.Debug|Any CPU.ActiveCfg = Debug|Any CPU
		{CC858D86-B7F8-4263-8951-7AAC15D02D5F}.Debug|Any CPU.Build.0 = Debug|Any CPU
		{CC858D86-B7F8-4263-8951-7AAC15D02D5F}.Release|Any CPU.ActiveCfg = Release|Any CPU
		{CC858D86-B7F8-4263-8951-7AAC15D02D5F}.Release|Any CPU.Build.0 = Release|Any CPU
	EndGlobalSection
	GlobalSection(SolutionProperties) = preSolution
		HideSolutionNode = FALSE
	EndGlobalSection
	GlobalSection(ExtensibilityGlobals) = postSolution
		SolutionGuid = {F322B3C6-6A29-47C6-9101-6E430BFBF8A6}
	EndGlobalSection
EndGlobal
